// !$*UTF8*$!
{
	archiveVersion = 1;
	classes = {
	};
	objectVersion = 46;
	objects = {

/* Begin PBXBuildFile section */
		7A78EE581D65BFCB004FC738 /* AppDelegate.swift in Sources */ = {isa = PBXBuildFile; fileRef = 7A78EE571D65BFCB004FC738 /* AppDelegate.swift */; };
		7A78EE5A1D65BFCB004FC738 /* ViewController.swift in Sources */ = {isa = PBXBuildFile; fileRef = 7A78EE591D65BFCB004FC738 /* ViewController.swift */; };
		7A78EE5D1D65BFCB004FC738 /* WheatherOnTv.xcdatamodeld in Sources */ = {isa = PBXBuildFile; fileRef = 7A78EE5B1D65BFCB004FC738 /* WheatherOnTv.xcdatamodeld */; };
		7A78EE601D65BFCB004FC738 /* Main.storyboard in Resources */ = {isa = PBXBuildFile; fileRef = 7A78EE5E1D65BFCB004FC738 /* Main.storyboard */; };
		7A78EE621D65BFCB004FC738 /* Assets.xcassets in Resources */ = {isa = PBXBuildFile; fileRef = 7A78EE611D65BFCB004FC738 /* Assets.xcassets */; };
		7A78EE6D1D65BFCB004FC738 /* WheatherOnTvTests.swift in Sources */ = {isa = PBXBuildFile; fileRef = 7A78EE6C1D65BFCB004FC738 /* WheatherOnTvTests.swift */; };
		7A78EE781D65BFCB004FC738 /* WheatherOnTvUITests.swift in Sources */ = {isa = PBXBuildFile; fileRef = 7A78EE771D65BFCB004FC738 /* WheatherOnTvUITests.swift */; };
/* End PBXBuildFile section */

/* Begin PBXContainerItemProxy section */
		7A78EE691D65BFCB004FC738 /* PBXContainerItemProxy */ = {
			isa = PBXContainerItemProxy;
			containerPortal = 7A78EE4C1D65BFCB004FC738 /* Project object */;
			proxyType = 1;
			remoteGlobalIDString = 7A78EE531D65BFCB004FC738;
			remoteInfo = WheatherOnTv;
		};
		7A78EE741D65BFCB004FC738 /* PBXContainerItemProxy */ = {
			isa = PBXContainerItemProxy;
			containerPortal = 7A78EE4C1D65BFCB004FC738 /* Project object */;
			proxyType = 1;
			remoteGlobalIDString = 7A78EE531D65BFCB004FC738;
			remoteInfo = WheatherOnTv;
		};
/* End PBXContainerItemProxy section */

/* Begin PBXFileReference section */
		7A78EE541D65BFCB004FC738 /* WheatherOnTv.app */ = {isa = PBXFileReference; explicitFileType = wrapper.application; includeInIndex = 0; path = WheatherOnTv.app; sourceTree = BUILT_PRODUCTS_DIR; };
		7A78EE571D65BFCB004FC738 /* AppDelegate.swift */ = {isa = PBXFileReference; lastKnownFileType = sourcecode.swift; path = AppDelegate.swift; sourceTree = "<group>"; };
		7A78EE591D65BFCB004FC738 /* ViewController.swift */ = {isa = PBXFileReference; lastKnownFileType = sourcecode.swift; path = ViewController.swift; sourceTree = "<group>"; };
		7A78EE5C1D65BFCB004FC738 /* WheatherOnTv.xcdatamodel */ = {isa = PBXFileReference; lastKnownFileType = wrapper.xcdatamodel; path = WheatherOnTv.xcdatamodel; sourceTree = "<group>"; };
		7A78EE5F1D65BFCB004FC738 /* Base */ = {isa = PBXFileReference; lastKnownFileType = file.storyboard; name = Base; path = Base.lproj/Main.storyboard; sourceTree = "<group>"; };
		7A78EE611D65BFCB004FC738 /* Assets.xcassets */ = {isa = PBXFileReference; lastKnownFileType = folder.assetcatalog; path = Assets.xcassets; sourceTree = "<group>"; };
		7A78EE631D65BFCB004FC738 /* Info.plist */ = {isa = PBXFileReference; lastKnownFileType = text.plist.xml; path = Info.plist; sourceTree = "<group>"; };
		7A78EE681D65BFCB004FC738 /* WheatherOnTvTests.xctest */ = {isa = PBXFileReference; explicitFileType = wrapper.cfbundle; includeInIndex = 0; path = WheatherOnTvTests.xctest; sourceTree = BUILT_PRODUCTS_DIR; };
		7A78EE6C1D65BFCB004FC738 /* WheatherOnTvTests.swift */ = {isa = PBXFileReference; lastKnownFileType = sourcecode.swift; path = WheatherOnTvTests.swift; sourceTree = "<group>"; };
		7A78EE6E1D65BFCB004FC738 /* Info.plist */ = {isa = PBXFileReference; lastKnownFileType = text.plist.xml; path = Info.plist; sourceTree = "<group>"; };
		7A78EE731D65BFCB004FC738 /* WheatherOnTvUITests.xctest */ = {isa = PBXFileReference; explicitFileType = wrapper.cfbundle; includeInIndex = 0; path = WheatherOnTvUITests.xctest; sourceTree = BUILT_PRODUCTS_DIR; };
		7A78EE771D65BFCB004FC738 /* WheatherOnTvUITests.swift */ = {isa = PBXFileReference; lastKnownFileType = sourcecode.swift; path = WheatherOnTvUITests.swift; sourceTree = "<group>"; };
		7A78EE791D65BFCB004FC738 /* Info.plist */ = {isa = PBXFileReference; lastKnownFileType = text.plist.xml; path = Info.plist; sourceTree = "<group>"; };
/* End PBXFileReference section */

/* Begin PBXFrameworksBuildPhase section */
		7A78EE511D65BFCB004FC738 /* Frameworks */ = {
			isa = PBXFrameworksBuildPhase;
			buildActionMask = 2147483647;
			files = (
			);
			runOnlyForDeploymentPostprocessing = 0;
		};
		7A78EE651D65BFCB004FC738 /* Frameworks */ = {
			isa = PBXFrameworksBuildPhase;
			buildActionMask = 2147483647;
			files = (
			);
			runOnlyForDeploymentPostprocessing = 0;
		};
		7A78EE701D65BFCB004FC738 /* Frameworks */ = {
			isa = PBXFrameworksBuildPhase;
			buildActionMask = 2147483647;
			files = (
			);
			runOnlyForDeploymentPostprocessing = 0;
		};
/* End PBXFrameworksBuildPhase section */

/* Begin PBXGroup section */
		7A78EE4B1D65BFCB004FC738 = {
			isa = PBXGroup;
			children = (
				7A78EE561D65BFCB004FC738 /* WheatherOnTv */,
				7A78EE6B1D65BFCB004FC738 /* WheatherOnTvTests */,
				7A78EE761D65BFCB004FC738 /* WheatherOnTvUITests */,
				7A78EE551D65BFCB004FC738 /* Products */,
			);
			sourceTree = "<group>";
		};
		7A78EE551D65BFCB004FC738 /* Products */ = {
			isa = PBXGroup;
			children = (
				7A78EE541D65BFCB004FC738 /* WheatherOnTv.app */,
				7A78EE681D65BFCB004FC738 /* WheatherOnTvTests.xctest */,
				7A78EE731D65BFCB004FC738 /* WheatherOnTvUITests.xctest */,
			);
			name = Products;
			sourceTree = "<group>";
		};
		7A78EE561D65BFCB004FC738 /* WheatherOnTv */ = {
			isa = PBXGroup;
			children = (
				7A78EE571D65BFCB004FC738 /* AppDelegate.swift */,
				7A78EE591D65BFCB004FC738 /* ViewController.swift */,
				7A78EE5E1D65BFCB004FC738 /* Main.storyboard */,
				7A78EE611D65BFCB004FC738 /* Assets.xcassets */,
				7A78EE631D65BFCB004FC738 /* Info.plist */,
				7A78EE5B1D65BFCB004FC738 /* WheatherOnTv.xcdatamodeld */,
			);
			path = WheatherOnTv;
			sourceTree = "<group>";
		};
		7A78EE6B1D65BFCB004FC738 /* WheatherOnTvTests */ = {
			isa = PBXGroup;
			children = (
				7A78EE6C1D65BFCB004FC738 /* WheatherOnTvTests.swift */,
				7A78EE6E1D65BFCB004FC738 /* Info.plist */,
			);
			path = WheatherOnTvTests;
			sourceTree = "<group>";
		};
		7A78EE761D65BFCB004FC738 /* WheatherOnTvUITests */ = {
			isa = PBXGroup;
			children = (
				7A78EE771D65BFCB004FC738 /* WheatherOnTvUITests.swift */,
				7A78EE791D65BFCB004FC738 /* Info.plist */,
			);
			path = WheatherOnTvUITests;
			sourceTree = "<group>";
		};
/* End PBXGroup section */

/* Begin PBXNativeTarget section */
		7A78EE531D65BFCB004FC738 /* WheatherOnTv */ = {
			isa = PBXNativeTarget;
			buildConfigurationList = 7A78EE7C1D65BFCB004FC738 /* Build configuration list for PBXNativeTarget "WheatherOnTv" */;
			buildPhases = (
				7A78EE501D65BFCB004FC738 /* Sources */,
				7A78EE511D65BFCB004FC738 /* Frameworks */,
				7A78EE521D65BFCB004FC738 /* Resources */,
			);
			buildRules = (
			);
			dependencies = (
			);
			name = WheatherOnTv;
			productName = WheatherOnTv;
			productReference = 7A78EE541D65BFCB004FC738 /* WheatherOnTv.app */;
			productType = "com.apple.product-type.application";
		};
		7A78EE671D65BFCB004FC738 /* WheatherOnTvTests */ = {
			isa = PBXNativeTarget;
			buildConfigurationList = 7A78EE7F1D65BFCB004FC738 /* Build configuration list for PBXNativeTarget "WheatherOnTvTests" */;
			buildPhases = (
				7A78EE641D65BFCB004FC738 /* Sources */,
				7A78EE651D65BFCB004FC738 /* Frameworks */,
				7A78EE661D65BFCB004FC738 /* Resources */,
			);
			buildRules = (
			);
			dependencies = (
				7A78EE6A1D65BFCB004FC738 /* PBXTargetDependency */,
			);
			name = WheatherOnTvTests;
			productName = WheatherOnTvTests;
			productReference = 7A78EE681D65BFCB004FC738 /* WheatherOnTvTests.xctest */;
			productType = "com.apple.product-type.bundle.unit-test";
		};
		7A78EE721D65BFCB004FC738 /* WheatherOnTvUITests */ = {
			isa = PBXNativeTarget;
			buildConfigurationList = 7A78EE821D65BFCB004FC738 /* Build configuration list for PBXNativeTarget "WheatherOnTvUITests" */;
			buildPhases = (
				7A78EE6F1D65BFCB004FC738 /* Sources */,
				7A78EE701D65BFCB004FC738 /* Frameworks */,
				7A78EE711D65BFCB004FC738 /* Resources */,
			);
			buildRules = (
			);
			dependencies = (
				7A78EE751D65BFCB004FC738 /* PBXTargetDependency */,
			);
			name = WheatherOnTvUITests;
			productName = WheatherOnTvUITests;
			productReference = 7A78EE731D65BFCB004FC738 /* WheatherOnTvUITests.xctest */;
			productType = "com.apple.product-type.bundle.ui-testing";
		};
/* End PBXNativeTarget section */

/* Begin PBXProject section */
		7A78EE4C1D65BFCB004FC738 /* Project object */ = {
			isa = PBXProject;
			attributes = {
				LastSwiftUpdateCheck = 0730;
				LastUpgradeCheck = 0730;
				ORGANIZATIONNAME = AlessandroGiacomella;
				TargetAttributes = {
					7A78EE531D65BFCB004FC738 = {
						CreatedOnToolsVersion = 7.3.1;
					};
					7A78EE671D65BFCB004FC738 = {
						CreatedOnToolsVersion = 7.3.1;
						TestTargetID = 7A78EE531D65BFCB004FC738;
					};
					7A78EE721D65BFCB004FC738 = {
						CreatedOnToolsVersion = 7.3.1;
						TestTargetID = 7A78EE531D65BFCB004FC738;
					};
				};
			};
			buildConfigurationList = 7A78EE4F1D65BFCB004FC738 /* Build configuration list for PBXProject "WheatherOnTv" */;
			compatibilityVersion = "Xcode 3.2";
			developmentRegion = English;
			hasScannedForEncodings = 0;
			knownRegions = (
				en,
				Base,
			);
			mainGroup = 7A78EE4B1D65BFCB004FC738;
			productRefGroup = 7A78EE551D65BFCB004FC738 /* Products */;
			projectDirPath = "";
			projectRoot = "";
			targets = (
				7A78EE531D65BFCB004FC738 /* WheatherOnTv */,
				7A78EE671D65BFCB004FC738 /* WheatherOnTvTests */,
				7A78EE721D65BFCB004FC738 /* WheatherOnTvUITests */,
			);
		};
/* End PBXProject section */

/* Begin PBXResourcesBuildPhase section */
		7A78EE521D65BFCB004FC738 /* Resources */ = {
			isa = PBXResourcesBuildPhase;
			buildActionMask = 2147483647;
			files = (
				7A78EE621D65BFCB004FC738 /* Assets.xcassets in Resources */,
				7A78EE601D65BFCB004FC738 /* Main.storyboard in Resources */,
			);
			runOnlyForDeploymentPostprocessing = 0;
		};
		7A78EE661D65BFCB004FC738 /* Resources */ = {
			isa = PBXResourcesBuildPhase;
			buildActionMask = 2147483647;
			files = (
			);
			runOnlyForDeploymentPostprocessing = 0;
		};
		7A78EE711D65BFCB004FC738 /* Resources */ = {
			isa = PBXResourcesBuildPhase;
			buildActionMask = 2147483647;
			files = (
			);
			runOnlyForDeploymentPostprocessing = 0;
		};
/* End PBXResourcesBuildPhase section */

/* Begin PBXSourcesBuildPhase section */
		7A78EE501D65BFCB004FC738 /* Sources */ = {
			isa = PBXSourcesBuildPhase;
			buildActionMask = 2147483647;
			files = (
				7A78EE5A1D65BFCB004FC738 /* ViewController.swift in Sources */,
				7A78EE581D65BFCB004FC738 /* AppDelegate.swift in Sources */,
				7A78EE5D1D65BFCB004FC738 /* WheatherOnTv.xcdatamodeld in Sources */,
			);
			runOnlyForDeploymentPostprocessing = 0;
		};
		7A78EE641D65BFCB004FC738 /* Sources */ = {
			isa = PBXSourcesBuildPhase;
			buildActionMask = 2147483647;
			files = (
				7A78EE6D1D65BFCB004FC738 /* WheatherOnTvTests.swift in Sources */,
			);
			runOnlyForDeploymentPostprocessing = 0;
		};
		7A78EE6F1D65BFCB004FC738 /* Sources */ = {
			isa = PBXSourcesBuildPhase;
			buildActionMask = 2147483647;
			files = (
				7A78EE781D65BFCB004FC738 /* WheatherOnTvUITests.swift in Sources */,
			);
			runOnlyForDeploymentPostprocessing = 0;
		};
/* End PBXSourcesBuildPhase section */

/* Begin PBXTargetDependency section */
		7A78EE6A1D65BFCB004FC738 /* PBXTargetDependency */ = {
			isa = PBXTargetDependency;
			target = 7A78EE531D65BFCB004FC738 /* WheatherOnTv */;
			targetProxy = 7A78EE691D65BFCB004FC738 /* PBXContainerItemProxy */;
		};
		7A78EE751D65BFCB004FC738 /* PBXTargetDependency */ = {
			isa = PBXTargetDependency;
			target = 7A78EE531D65BFCB004FC738 /* WheatherOnTv */;
			targetProxy = 7A78EE741D65BFCB004FC738 /* PBXContainerItemProxy */;
		};
/* End PBXTargetDependency section */

/* Begin PBXVariantGroup section */
		7A78EE5E1D65BFCB004FC738 /* Main.storyboard */ = {
			isa = PBXVariantGroup;
			children = (
				7A78EE5F1D65BFCB004FC738 /* Base */,
			);
			name = Main.storyboard;
			sourceTree = "<group>";
		};
/* End PBXVariantGroup section */

/* Begin XCBuildConfiguration section */
		7A78EE7A1D65BFCB004FC738 /* Debug */ = {
			isa = XCBuildConfiguration;
			buildSettings = {
				ALWAYS_SEARCH_USER_PATHS = NO;
				CLANG_ANALYZER_NONNULL = YES;
				CLANG_CXX_LANGUAGE_STANDARD = "gnu++0x";
				CLANG_CXX_LIBRARY = "libc++";
				CLANG_ENABLE_MODULES = YES;
				CLANG_ENABLE_OBJC_ARC = YES;
				CLANG_WARN_BOOL_CONVERSION = YES;
				CLANG_WARN_CONSTANT_CONVERSION = YES;
				CLANG_WARN_DIRECT_OBJC_ISA_USAGE = YES_ERROR;
				CLANG_WARN_EMPTY_BODY = YES;
				CLANG_WARN_ENUM_CONVERSION = YES;
				CLANG_WARN_INT_CONVERSION = YES;
				CLANG_WARN_OBJC_ROOT_CLASS = YES_ERROR;
				CLANG_WARN_UNREACHABLE_CODE = YES;
				CLANG_WARN__DUPLICATE_METHOD_MATCH = YES;
				COPY_PHASE_STRIP = NO;
				DEBUG_INFORMATION_FORMAT = dwarf;
				ENABLE_STRICT_OBJC_MSGSEND = YES;
				ENABLE_TESTABILITY = YES;
				GCC_C_LANGUAGE_STANDARD = gnu99;
				GCC_DYNAMIC_NO_PIC = NO;
				GCC_NO_COMMON_BLOCKS = YES;
				GCC_OPTIMIZATION_LEVEL = 0;
				GCC_PREPROCESSOR_DEFINITIONS = (
					"DEBUG=1",
					"$(inherited)",
				);
				GCC_WARN_64_TO_32_BIT_CONVERSION = YES;
				GCC_WARN_ABOUT_RETURN_TYPE = YES_ERROR;
				GCC_WARN_UNDECLARED_SELECTOR = YES;
				GCC_WARN_UNINITIALIZED_AUTOS = YES_AGGRESSIVE;
				GCC_WARN_UNUSED_FUNCTION = YES;
				GCC_WARN_UNUSED_VARIABLE = YES;
				MTL_ENABLE_DEBUG_INFO = YES;
				ONLY_ACTIVE_ARCH = YES;
				SDKROOT = appletvos;
				SWIFT_OPTIMIZATION_LEVEL = "-Onone";
				TARGETED_DEVICE_FAMILY = 3;
				TVOS_DEPLOYMENT_TARGET = 9.2;
			};
			name = Debug;
		};
		7A78EE7B1D65BFCB004FC738 /* Release */ = {
			isa = XCBuildConfiguration;
			buildSettings = {
				ALWAYS_SEARCH_USER_PATHS = NO;
				CLANG_ANALYZER_NONNULL = YES;
				CLANG_CXX_LANGUAGE_STANDARD = "gnu++0x";
				CLANG_CXX_LIBRARY = "libc++";
				CLANG_ENABLE_MODULES = YES;
				CLANG_ENABLE_OBJC_ARC = YES;
				CLANG_WARN_BOOL_CONVERSION = YES;
				CLANG_WARN_CONSTANT_CONVERSION = YES;
				CLANG_WARN_DIRECT_OBJC_ISA_USAGE = YES_ERROR;
				CLANG_WARN_EMPTY_BODY = YES;
				CLANG_WARN_ENUM_CONVERSION = YES;
				CLANG_WARN_INT_CONVERSION = YES;
				CLANG_WARN_OBJC_ROOT_CLASS = YES_ERROR;
				CLANG_WARN_UNREACHABLE_CODE = YES;
				CLANG_WARN__DUPLICATE_METHOD_MATCH = YES;
				COPY_PHASE_STRIP = NO;
				DEBUG_INFORMATION_FORMAT = "dwarf-with-dsym";
				ENABLE_NS_ASSERTIONS = NO;
				ENABLE_STRICT_OBJC_MSGSEND = YES;
				GCC_C_LANGUAGE_STANDARD = gnu99;
				GCC_NO_COMMON_BLOCKS = YES;
				GCC_WARN_64_TO_32_BIT_CONVERSION = YES;
				GCC_WARN_ABOUT_RETURN_TYPE = YES_ERROR;
				GCC_WARN_UNDECLARED_SELECTOR = YES;
				GCC_WARN_UNINITIALIZED_AUTOS = YES_AGGRESSIVE;
				GCC_WARN_UNUSED_FUNCTION = YES;
				GCC_WARN_UNUSED_VARIABLE = YES;
				MTL_ENABLE_DEBUG_INFO = NO;
				SDKROOT = appletvos;
				TARGETED_DEVICE_FAMILY = 3;
				TVOS_DEPLOYMENT_TARGET = 9.2;
				VALIDATE_PRODUCT = YES;
			};
			name = Release;
		};
		7A78EE7D1D65BFCB004FC738 /* Debug */ = {
			isa = XCBuildConfiguration;
			buildSettings = {
				ASSETCATALOG_COMPILER_APPICON_NAME = "App Icon & Top Shelf Image";
				ASSETCATALOG_COMPILER_LAUNCHIMAGE_NAME = LaunchImage;
				INFOPLIST_FILE = WheatherOnTv/Info.plist;
				LD_RUNPATH_SEARCH_PATHS = "$(inherited) @executable_path/Frameworks";
				PRODUCT_BUNDLE_IDENTIFIER = AleGiacomella.WheatherOnTv;
				PRODUCT_NAME = "$(TARGET_NAME)";
			};
			name = Debug;
		};
		7A78EE7E1D65BFCB004FC738 /* Release */ = {
			isa = XCBuildConfiguration;
			buildSettings = {
				ASSETCATALOG_COMPILER_APPICON_NAME = "App Icon & Top Shelf Image";
				ASSETCATALOG_COMPILER_LAUNCHIMAGE_NAME = LaunchImage;
				INFOPLIST_FILE = WheatherOnTv/Info.plist;
				LD_RUNPATH_SEARCH_PATHS = "$(inherited) @executable_path/Frameworks";
				PRODUCT_BUNDLE_IDENTIFIER = AleGiacomella.WheatherOnTv;
				PRODUCT_NAME = "$(TARGET_NAME)";
			};
			name = Release;
		};
		7A78EE801D65BFCB004FC738 /* Debug */ = {
			isa = XCBuildConfiguration;
			buildSettings = {
				BUNDLE_LOADER = "$(TEST_HOST)";
				INFOPLIST_FILE = WheatherOnTvTests/Info.plist;
				LD_RUNPATH_SEARCH_PATHS = "$(inherited) @executable_path/Frameworks @loader_path/Frameworks";
				PRODUCT_BUNDLE_IDENTIFIER = AleGiacomella.WheatherOnTvTests;
				PRODUCT_NAME = "$(TARGET_NAME)";
				TEST_HOST = "$(BUILT_PRODUCTS_DIR)/WheatherOnTv.app/WheatherOnTv";
			};
			name = Debug;
		};
		7A78EE811D65BFCB004FC738 /* Release */ = {
			isa = XCBuildConfiguration;
			buildSettings = {
				BUNDLE_LOADER = "$(TEST_HOST)";
				INFOPLIST_FILE = WheatherOnTvTests/Info.plist;
				LD_RUNPATH_SEARCH_PATHS = "$(inherited) @executable_path/Frameworks @loader_path/Frameworks";
				PRODUCT_BUNDLE_IDENTIFIER = AleGiacomella.WheatherOnTvTests;
				PRODUCT_NAME = "$(TARGET_NAME)";
				TEST_HOST = "$(BUILT_PRODUCTS_DIR)/WheatherOnTv.app/WheatherOnTv";
			};
			name = Release;
		};
		7A78EE831D65BFCB004FC738 /* Debug */ = {
			isa = XCBuildConfiguration;
			buildSettings = {
				INFOPLIST_FILE = WheatherOnTvUITests/Info.plist;
				LD_RUNPATH_SEARCH_PATHS = "$(inherited) @executable_path/Frameworks @loader_path/Frameworks";
				PRODUCT_BUNDLE_IDENTIFIER = AleGiacomella.WheatherOnTvUITests;
				PRODUCT_NAME = "$(TARGET_NAME)";
				TEST_TARGET_NAME = WheatherOnTv;
			};
			name = Debug;
		};
		7A78EE841D65BFCB004FC738 /* Release */ = {
			isa = XCBuildConfiguration;
			buildSettings = {
				INFOPLIST_FILE = WheatherOnTvUITests/Info.plist;
				LD_RUNPATH_SEARCH_PATHS = "$(inherited) @executable_path/Frameworks @loader_path/Frameworks";
				PRODUCT_BUNDLE_IDENTIFIER = AleGiacomella.WheatherOnTvUITests;
				PRODUCT_NAME = "$(TARGET_NAME)";
				TEST_TARGET_NAME = WheatherOnTv;
			};
			name = Release;
		};
/* End XCBuildConfiguration section */

/* Begin XCConfigurationList section */
		7A78EE4F1D65BFCB004FC738 /* Build configuration list for PBXProject "WheatherOnTv" */ = {
			isa = XCConfigurationList;
			buildConfigurations = (
				7A78EE7A1D65BFCB004FC738 /* Debug */,
				7A78EE7B1D65BFCB004FC738 /* Release */,
			);
			defaultConfigurationIsVisible = 0;
			defaultConfigurationName = Release;
		};
		7A78EE7C1D65BFCB004FC738 /* Build configuration list for PBXNativeTarget "WheatherOnTv" */ = {
			isa = XCConfigurationList;
			buildConfigurations = (
				7A78EE7D1D65BFCB004FC738 /* Debug */,
				7A78EE7E1D65BFCB004FC738 /* Release */,
			);
			defaultConfigurationIsVisible = 0;
		};
		7A78EE7F1D65BFCB004FC738 /* Build configuration list for PBXNativeTarget "WheatherOnTvTests" */ = {
			isa = XCConfigurationList;
			buildConfigurations = (
				7A78EE801D65BFCB004FC738 /* Debug */,
				7A78EE811D65BFCB004FC738 /* Release */,
			);
			defaultConfigurationIsVisible = 0;
		};
		7A78EE821D65BFCB004FC738 /* Build configuration list for PBXNativeTarget "WheatherOnTvUITests" */ = {
			isa = XCConfigurationList;
			buildConfigurations = (
				7A78EE831D65BFCB004FC738 /* Debug */,
				7A78EE841D65BFCB004FC738 /* Release */,
			);
			defaultConfigurationIsVisible = 0;
		};
/* End XCConfigurationList section */

/* Begin XCVersionGroup section */
		7A78EE5B1D65BFCB004FC738 /* WheatherOnTv.xcdatamodeld */ = {
			isa = XCVersionGroup;
			children = (
				7A78EE5C1D65BFCB004FC738 /* WheatherOnTv.xcdatamodel */,
			);
			currentVersion = 7A78EE5C1D65BFCB004FC738 /* WheatherOnTv.xcdatamodel */;
			path = WheatherOnTv.xcdatamodeld;
			sourceTree = "<group>";
			versionGroupType = wrapper.xcdatamodel;
		};
/* End XCVersionGroup section */
	};
	rootObject = 7A78EE4C1D65BFCB004FC738 /* Project object */;
}
